
Microsoft Visual Studio Solution File, Format Version 12.00
# Visual Studio 15
VisualStudioVersion = 15.0.27130.2027
MinimumVisualStudioVersion = 10.0.40219.1
Project("{9A19103F-16F7-4668-BE54-9A1E7A4F7556}") = "WebApp", "WebApp\src\WebApp.csproj", "{417FE488-9A02-4AB1-871D-2E5BE6253431}"
EndProject
Project("{9A19103F-16F7-4668-BE54-9A1E7A4F7556}") = "Configs", "Configs\src\Configs.csproj", "{D66BAB52-7A26-4B20-A05E-0EB38353051F}"
EndProject
Project("{9A19103F-16F7-4668-BE54-9A1E7A4F7556}") = "Secrets", "Secrets\src\Secrets.csproj", "{A29587FF-5CFC-40FE-B98E-AE9FBEBB188A}"
EndProject
Project("{2150E333-8FDC-42A3-9474-1A3956D46DE8}") = "Alexa", "Alexa", "{AECA0043-9AD6-4E56-9192-916D3555DEEB}"
EndProject
Project("{9A19103F-16F7-4668-BE54-9A1E7A4F7556}") = "Function", "Alexa\Alexa\Function.csproj", "{DABE66FF-7A04-4157-A537-356C8F406987}"
EndProject
Project("{2150E333-8FDC-42A3-9474-1A3956D46DE8}") = "Hallo-CLI", "Hallo-CLI", "{AE1DF19B-1499-4F98-960F-52147FE71B7C}"
EndProject
Project("{9A19103F-16F7-4668-BE54-9A1E7A4F7556}") = "Function", "Hallo-CLI\Hallo\Function.csproj", "{6048DF4A-C90D-4DCC-8D7F-7BAD38FB1853}"
EndProject
Project("{9A19103F-16F7-4668-BE54-9A1E7A4F7556}") = "Hallo", "Hallo-Custom\src\Hallo.csproj", "{0067BC67-6C92-4D5E-AC84-BBCC94DCB35E}"
EndProject
Global
	GlobalSection(SolutionConfigurationPlatforms) = preSolution
		Debug|Any CPU = Debug|Any CPU
		Release|Any CPU = Release|Any CPU
	EndGlobalSection
	GlobalSection(ProjectConfigurationPlatforms) = postSolution
		{417FE488-9A02-4AB1-871D-2E5BE6253431}.Debug|Any CPU.ActiveCfg = Debug|Any CPU
		{417FE488-9A02-4AB1-871D-2E5BE6253431}.Debug|Any CPU.Build.0 = Debug|Any CPU
		{417FE488-9A02-4AB1-871D-2E5BE6253431}.Release|Any CPU.ActiveCfg = Release|Any CPU
		{417FE488-9A02-4AB1-871D-2E5BE6253431}.Release|Any CPU.Build.0 = Release|Any CPU
		{D66BAB52-7A26-4B20-A05E-0EB38353051F}.Debug|Any CPU.ActiveCfg = Debug|Any CPU
		{D66BAB52-7A26-4B20-A05E-0EB38353051F}.Debug|Any CPU.Build.0 = Debug|Any CPU
		{D66BAB52-7A26-4B20-A05E-0EB38353051F}.Release|Any CPU.ActiveCfg = Release|Any CPU
		{D66BAB52-7A26-4B20-A05E-0EB38353051F}.Release|Any CPU.Build.0 = Release|Any CPU
		{A29587FF-5CFC-40FE-B98E-AE9FBEBB188A}.Debug|Any CPU.ActiveCfg = Debug|Any CPU
		{A29587FF-5CFC-40FE-B98E-AE9FBEBB188A}.Debug|Any CPU.Build.0 = Debug|Any CPU
		{A29587FF-5CFC-40FE-B98E-AE9FBEBB188A}.Release|Any CPU.ActiveCfg = Release|Any CPU
		{A29587FF-5CFC-40FE-B98E-AE9FBEBB188A}.Release|Any CPU.Build.0 = Release|Any CPU
		{DABE66FF-7A04-4157-A537-356C8F406987}.Debug|Any CPU.ActiveCfg = Debug|Any CPU
		{DABE66FF-7A04-4157-A537-356C8F406987}.Debug|Any CPU.Build.0 = Debug|Any CPU
		{DABE66FF-7A04-4157-A537-356C8F406987}.Release|Any CPU.ActiveCfg = Release|Any CPU
		{DABE66FF-7A04-4157-A537-356C8F406987}.Release|Any CPU.Build.0 = Release|Any CPU
		{6048DF4A-C90D-4DCC-8D7F-7BAD38FB1853}.Debug|Any CPU.ActiveCfg = Debug|Any CPU
		{6048DF4A-C90D-4DCC-8D7F-7BAD38FB1853}.Debug|Any CPU.Build.0 = Debug|Any CPU
		{6048DF4A-C90D-4DCC-8D7F-7BAD38FB1853}.Release|Any CPU.ActiveCfg = Release|Any CPU
		{6048DF4A-C90D-4DCC-8D7F-7BAD38FB1853}.Release|Any CPU.Build.0 = Release|Any CPU
		{0067BC67-6C92-4D5E-AC84-BBCC94DCB35E}.Debug|Any CPU.ActiveCfg = Debug|Any CPU
		{0067BC67-6C92-4D5E-AC84-BBCC94DCB35E}.Debug|Any CPU.Build.0 = Debug|Any CPU
		{0067BC67-6C92-4D5E-AC84-BBCC94DCB35E}.Release|Any CPU.ActiveCfg = Release|Any CPU
		{0067BC67-6C92-4D5E-AC84-BBCC94DCB35E}.Release|Any CPU.Build.0 = Release|Any CPU
	EndGlobalSection
	GlobalSection(SolutionProperties) = preSolution
		HideSolutionNode = FALSE
	EndGlobalSection
	GlobalSection(NestedProjects) = preSolution
		{DABE66FF-7A04-4157-A537-356C8F406987} = {AECA0043-9AD6-4E56-9192-916D3555DEEB}
		{6048DF4A-C90D-4DCC-8D7F-7BAD38FB1853} = {AE1DF19B-1499-4F98-960F-52147FE71B7C}
	EndGlobalSection
	GlobalSection(ExtensibilityGlobals) = postSolution
		SolutionGuid = {CC9F56A7-9523-4734-93EA-E05FD8623E5A}
	EndGlobalSection
EndGlobal
