
Microsoft Visual Studio Solution File, Format Version 12.00
# Visual Studio 15
VisualStudioVersion = 15.0.27130.2027
MinimumVisualStudioVersion = 10.0.40219.1
Project("{9A19103F-16F7-4668-BE54-9A1E7A4F7556}") = "AddConference", "AddConference\AddConference.csproj", "{18F16212-91DB-4434-8ABE-B307C6B50026}"
EndProject
Project("{9A19103F-16F7-4668-BE54-9A1E7A4F7556}") = "CancelRegistration", "CancelRegistration\CancelRegistration.csproj", "{EB525098-644F-4AC1-8201-7CBD9C9052F8}"
EndProject
Project("{9A19103F-16F7-4668-BE54-9A1E7A4F7556}") = "NewRegistration", "NewRegistration\NewRegistration.csproj", "{F0A2ACA9-FCFF-435A-852C-BE259EAF3886}"
EndProject
Project("{9A19103F-16F7-4668-BE54-9A1E7A4F7556}") = "Data", "Common\Data\Data.csproj", "{B25D4078-B6D5-4BBD-9E66-7966EE1196D9}"
EndProject
Project("{2150E333-8FDC-42A3-9474-1A3956D46DE8}") = "Common", "Common", "{B7D88679-059F-46ED-8515-E058015EF3F5}"
EndProject
Project("{9A19103F-16F7-4668-BE54-9A1E7A4F7556}") = "Domain", "Common\Domain\Domain.csproj", "{201AEEF9-6DB7-49C8-83DD-7F7665A0E1E2}"
EndProject
Project("{9A19103F-16F7-4668-BE54-9A1E7A4F7556}") = "Messaging", "Common\Messaging\Messaging.csproj", "{F857B50E-A8C7-48AB-92A7-A1C482A21357}"
EndProject
Project("{FAE04EC0-301F-11D3-BF4B-00C04F79EFBC}") = "EventHandler", "EventHandler\EventHandler.csproj", "{CACCB99A-69E3-4343-89F4-42E726FABC6F}"
EndProject
Project("{9A19103F-16F7-4668-BE54-9A1E7A4F7556}") = "ConferenceDetail", "ConferenceDetail\ConferenceDetail.csproj", "{54674868-A901-4A9B-9F20-03E208F8BB5C}"
EndProject
Project("{9A19103F-16F7-4668-BE54-9A1E7A4F7556}") = "ConferenceList", "ConferenceList\ConferenceList.csproj", "{C55DF083-F5A5-4C97-9B74-9074F263F142}"
EndProject
Project("{9A19103F-16F7-4668-BE54-9A1E7A4F7556}") = "AttendeeList", "AttendeeList\AttendeeList.csproj", "{41CBD459-28D0-4C83-8CF9-42643A0CE9D0}"
EndProject
Project("{FAE04EC0-301F-11D3-BF4B-00C04F79EFBC}") = "UnitTestProject1", "UnitTestProject1\UnitTestProject1.csproj", "{967587AC-3A03-49CB-A468-2D4B312DF5A4}"
EndProject
Global
	GlobalSection(SolutionConfigurationPlatforms) = preSolution
		Debug|Any CPU = Debug|Any CPU
		Release|Any CPU = Release|Any CPU
	EndGlobalSection
	GlobalSection(ProjectConfigurationPlatforms) = postSolution
		{18F16212-91DB-4434-8ABE-B307C6B50026}.Debug|Any CPU.ActiveCfg = Debug|Any CPU
		{18F16212-91DB-4434-8ABE-B307C6B50026}.Debug|Any CPU.Build.0 = Debug|Any CPU
		{18F16212-91DB-4434-8ABE-B307C6B50026}.Release|Any CPU.ActiveCfg = Release|Any CPU
		{18F16212-91DB-4434-8ABE-B307C6B50026}.Release|Any CPU.Build.0 = Release|Any CPU
		{EB525098-644F-4AC1-8201-7CBD9C9052F8}.Debug|Any CPU.ActiveCfg = Debug|Any CPU
		{EB525098-644F-4AC1-8201-7CBD9C9052F8}.Debug|Any CPU.Build.0 = Debug|Any CPU
		{EB525098-644F-4AC1-8201-7CBD9C9052F8}.Release|Any CPU.ActiveCfg = Release|Any CPU
		{EB525098-644F-4AC1-8201-7CBD9C9052F8}.Release|Any CPU.Build.0 = Release|Any CPU
		{F0A2ACA9-FCFF-435A-852C-BE259EAF3886}.Debug|Any CPU.ActiveCfg = Debug|Any CPU
		{F0A2ACA9-FCFF-435A-852C-BE259EAF3886}.Debug|Any CPU.Build.0 = Debug|Any CPU
		{F0A2ACA9-FCFF-435A-852C-BE259EAF3886}.Release|Any CPU.ActiveCfg = Release|Any CPU
		{F0A2ACA9-FCFF-435A-852C-BE259EAF3886}.Release|Any CPU.Build.0 = Release|Any CPU
		{B25D4078-B6D5-4BBD-9E66-7966EE1196D9}.Debug|Any CPU.ActiveCfg = Debug|Any CPU
		{B25D4078-B6D5-4BBD-9E66-7966EE1196D9}.Debug|Any CPU.Build.0 = Debug|Any CPU
		{B25D4078-B6D5-4BBD-9E66-7966EE1196D9}.Release|Any CPU.ActiveCfg = Release|Any CPU
		{B25D4078-B6D5-4BBD-9E66-7966EE1196D9}.Release|Any CPU.Build.0 = Release|Any CPU
		{201AEEF9-6DB7-49C8-83DD-7F7665A0E1E2}.Debug|Any CPU.ActiveCfg = Debug|Any CPU
		{201AEEF9-6DB7-49C8-83DD-7F7665A0E1E2}.Debug|Any CPU.Build.0 = Debug|Any CPU
		{201AEEF9-6DB7-49C8-83DD-7F7665A0E1E2}.Release|Any CPU.ActiveCfg = Release|Any CPU
		{201AEEF9-6DB7-49C8-83DD-7F7665A0E1E2}.Release|Any CPU.Build.0 = Release|Any CPU
		{F857B50E-A8C7-48AB-92A7-A1C482A21357}.Debug|Any CPU.ActiveCfg = Debug|Any CPU
		{F857B50E-A8C7-48AB-92A7-A1C482A21357}.Debug|Any CPU.Build.0 = Debug|Any CPU
		{F857B50E-A8C7-48AB-92A7-A1C482A21357}.Release|Any CPU.ActiveCfg = Release|Any CPU
		{F857B50E-A8C7-48AB-92A7-A1C482A21357}.Release|Any CPU.Build.0 = Release|Any CPU
		{CACCB99A-69E3-4343-89F4-42E726FABC6F}.Debug|Any CPU.ActiveCfg = Debug|Any CPU
		{CACCB99A-69E3-4343-89F4-42E726FABC6F}.Debug|Any CPU.Build.0 = Debug|Any CPU
		{CACCB99A-69E3-4343-89F4-42E726FABC6F}.Release|Any CPU.ActiveCfg = Release|Any CPU
		{CACCB99A-69E3-4343-89F4-42E726FABC6F}.Release|Any CPU.Build.0 = Release|Any CPU
		{54674868-A901-4A9B-9F20-03E208F8BB5C}.Debug|Any CPU.ActiveCfg = Debug|Any CPU
		{54674868-A901-4A9B-9F20-03E208F8BB5C}.Debug|Any CPU.Build.0 = Debug|Any CPU
		{54674868-A901-4A9B-9F20-03E208F8BB5C}.Release|Any CPU.ActiveCfg = Release|Any CPU
		{54674868-A901-4A9B-9F20-03E208F8BB5C}.Release|Any CPU.Build.0 = Release|Any CPU
		{C55DF083-F5A5-4C97-9B74-9074F263F142}.Debug|Any CPU.ActiveCfg = Debug|Any CPU
		{C55DF083-F5A5-4C97-9B74-9074F263F142}.Debug|Any CPU.Build.0 = Debug|Any CPU
		{C55DF083-F5A5-4C97-9B74-9074F263F142}.Release|Any CPU.ActiveCfg = Release|Any CPU
		{C55DF083-F5A5-4C97-9B74-9074F263F142}.Release|Any CPU.Build.0 = Release|Any CPU
		{41CBD459-28D0-4C83-8CF9-42643A0CE9D0}.Debug|Any CPU.ActiveCfg = Debug|Any CPU
		{41CBD459-28D0-4C83-8CF9-42643A0CE9D0}.Debug|Any CPU.Build.0 = Debug|Any CPU
		{41CBD459-28D0-4C83-8CF9-42643A0CE9D0}.Release|Any CPU.ActiveCfg = Release|Any CPU
		{41CBD459-28D0-4C83-8CF9-42643A0CE9D0}.Release|Any CPU.Build.0 = Release|Any CPU
		{967587AC-3A03-49CB-A468-2D4B312DF5A4}.Debug|Any CPU.ActiveCfg = Debug|Any CPU
		{967587AC-3A03-49CB-A468-2D4B312DF5A4}.Debug|Any CPU.Build.0 = Debug|Any CPU
		{967587AC-3A03-49CB-A468-2D4B312DF5A4}.Release|Any CPU.ActiveCfg = Release|Any CPU
		{967587AC-3A03-49CB-A468-2D4B312DF5A4}.Release|Any CPU.Build.0 = Release|Any CPU
	EndGlobalSection
	GlobalSection(SolutionProperties) = preSolution
		HideSolutionNode = FALSE
	EndGlobalSection
	GlobalSection(NestedProjects) = preSolution
		{B25D4078-B6D5-4BBD-9E66-7966EE1196D9} = {B7D88679-059F-46ED-8515-E058015EF3F5}
		{201AEEF9-6DB7-49C8-83DD-7F7665A0E1E2} = {B7D88679-059F-46ED-8515-E058015EF3F5}
		{F857B50E-A8C7-48AB-92A7-A1C482A21357} = {B7D88679-059F-46ED-8515-E058015EF3F5}
	EndGlobalSection
	GlobalSection(ExtensibilityGlobals) = postSolution
		SolutionGuid = {0E48C20D-9CC0-4CB2-9346-52B955CA7A61}
	EndGlobalSection
EndGlobal
