
Microsoft Visual Studio Solution File, Format Version 12.00
# Visual Studio 15
VisualStudioVersion = 15.0.27130.2027
MinimumVisualStudioVersion = 10.0.40219.1
Project("{9A19103F-16F7-4668-BE54-9A1E7A4F7556}") = "Data", "Data\Data.csproj", "{4F929CCB-32A7-4B62-8AD7-F995E55E4EC8}"
EndProject
Project("{9A19103F-16F7-4668-BE54-9A1E7A4F7556}") = "AddConference", "AddConference\AddConference.csproj", "{18F16212-91DB-4434-8ABE-B307C6B50026}"
EndProject
Project("{9A19103F-16F7-4668-BE54-9A1E7A4F7556}") = "CancelRegistration", "CancelRegistration\CancelRegistration.csproj", "{EB525098-644F-4AC1-8201-7CBD9C9052F8}"
EndProject
Project("{9A19103F-16F7-4668-BE54-9A1E7A4F7556}") = "NewRegistration", "NewRegistration\NewRegistration.csproj", "{F0A2ACA9-FCFF-435A-852C-BE259EAF3886}"
EndProject
Project("{FAE04EC0-301F-11D3-BF4B-00C04F79EFBC}") = "SampleRunner", "SampleRunner\SampleRunner.csproj", "{8DFB9CA3-8512-46F9-BA44-34CFF5C345AB}"
EndProject
Global
	GlobalSection(SolutionConfigurationPlatforms) = preSolution
		Debug|Any CPU = Debug|Any CPU
		Release|Any CPU = Release|Any CPU
	EndGlobalSection
	GlobalSection(ProjectConfigurationPlatforms) = postSolution
		{4F929CCB-32A7-4B62-8AD7-F995E55E4EC8}.Debug|Any CPU.ActiveCfg = Debug|Any CPU
		{4F929CCB-32A7-4B62-8AD7-F995E55E4EC8}.Debug|Any CPU.Build.0 = Debug|Any CPU
		{4F929CCB-32A7-4B62-8AD7-F995E55E4EC8}.Release|Any CPU.ActiveCfg = Release|Any CPU
		{4F929CCB-32A7-4B62-8AD7-F995E55E4EC8}.Release|Any CPU.Build.0 = Release|Any CPU
		{18F16212-91DB-4434-8ABE-B307C6B50026}.Debug|Any CPU.ActiveCfg = Debug|Any CPU
		{18F16212-91DB-4434-8ABE-B307C6B50026}.Debug|Any CPU.Build.0 = Debug|Any CPU
		{18F16212-91DB-4434-8ABE-B307C6B50026}.Release|Any CPU.ActiveCfg = Release|Any CPU
		{18F16212-91DB-4434-8ABE-B307C6B50026}.Release|Any CPU.Build.0 = Release|Any CPU
		{EB525098-644F-4AC1-8201-7CBD9C9052F8}.Debug|Any CPU.ActiveCfg = Debug|Any CPU
		{EB525098-644F-4AC1-8201-7CBD9C9052F8}.Debug|Any CPU.Build.0 = Debug|Any CPU
		{EB525098-644F-4AC1-8201-7CBD9C9052F8}.Release|Any CPU.ActiveCfg = Release|Any CPU
		{EB525098-644F-4AC1-8201-7CBD9C9052F8}.Release|Any CPU.Build.0 = Release|Any CPU
		{F0A2ACA9-FCFF-435A-852C-BE259EAF3886}.Debug|Any CPU.ActiveCfg = Debug|Any CPU
		{F0A2ACA9-FCFF-435A-852C-BE259EAF3886}.Debug|Any CPU.Build.0 = Debug|Any CPU
		{F0A2ACA9-FCFF-435A-852C-BE259EAF3886}.Release|Any CPU.ActiveCfg = Release|Any CPU
		{F0A2ACA9-FCFF-435A-852C-BE259EAF3886}.Release|Any CPU.Build.0 = Release|Any CPU
		{8DFB9CA3-8512-46F9-BA44-34CFF5C345AB}.Debug|Any CPU.ActiveCfg = Debug|Any CPU
		{8DFB9CA3-8512-46F9-BA44-34CFF5C345AB}.Debug|Any CPU.Build.0 = Debug|Any CPU
		{8DFB9CA3-8512-46F9-BA44-34CFF5C345AB}.Release|Any CPU.ActiveCfg = Release|Any CPU
		{8DFB9CA3-8512-46F9-BA44-34CFF5C345AB}.Release|Any CPU.Build.0 = Release|Any CPU
	EndGlobalSection
	GlobalSection(SolutionProperties) = preSolution
		HideSolutionNode = FALSE
	EndGlobalSection
	GlobalSection(ExtensibilityGlobals) = postSolution
		SolutionGuid = {0E48C20D-9CC0-4CB2-9346-52B955CA7A61}
	EndGlobalSection
EndGlobal
